
Microsoft Visual Studio Solution File, Format Version 12.00
# Visual Studio 2013
VisualStudioVersion = 12.0.21005.1
MinimumVisualStudioVersion = 10.0.40219.1
Project("{FAE04EC0-301F-11D3-BF4B-00C04F79EFBC}") = "WindowsFormsApplication2", "WindowsFormsApplication2\WindowsFormsApplication2.csproj", "{FFA30AB7-672C-4A4D-95F5-1416005799FA}"
EndProject
Global
	GlobalSection(SolutionConfigurationPlatforms) = preSolution
		Debug|Any CPU = Debug|Any CPU
		Release|Any CPU = Release|Any CPU
	EndGlobalSection
	GlobalSection(ProjectConfigurationPlatforms) = postSolution
		{FFA30AB7-672C-4A4D-95F5-1416005799FA}.Debug|Any CPU.ActiveCfg = Debug|Any CPU
		{FFA30AB7-672C-4A4D-95F5-1416005799FA}.Debug|Any CPU.Build.0 = Debug|Any CPU
		{FFA30AB7-672C-4A4D-95F5-1416005799FA}.Release|Any CPU.ActiveCfg = Release|Any CPU
		{FFA30AB7-672C-4A4D-95F5-1416005799FA}.Release|Any CPU.Build.0 = Release|Any CPU
	EndGlobalSection
	GlobalSection(SolutionProperties) = preSolution
		HideSolutionNode = FALSE
	EndGlobalSection
EndGlobal
